
Microsoft Visual Studio Solution File, Format Version 12.00
# Visual Studio Version 17
VisualStudioVersion = 17.13.35913.81 d17.13
MinimumVisualStudioVersion = 10.0.40219.1
Project("{FAE04EC0-301F-11D3-BF4B-00C04F79EFBC}") = "JenkinsWebApplicationDemo", "JenkinsWebApplicationDemo\JenkinsWebApplicationDemo.csproj", "{315F8DF9-5AD2-42E0-BBA6-0744577C9416}"
EndProject
Project("{FAE04EC0-301F-11D3-BF4B-00C04F79EFBC}") = "TestProject1", "TestProject1\TestProject1.csproj", "{D3C9988A-4A56-451D-8BA7-BF0DE62E13FA}"
EndProject
Global
	GlobalSection(SolutionConfigurationPlatforms) = preSolution
		Debug|Any CPU = Debug|Any CPU
		Release|Any CPU = Release|Any CPU
	EndGlobalSection
	GlobalSection(ProjectConfigurationPlatforms) = postSolution
		{315F8DF9-5AD2-42E0-BBA6-0744577C9416}.Debug|Any CPU.ActiveCfg = Debug|Any CPU
		{315F8DF9-5AD2-42E0-BBA6-0744577C9416}.Debug|Any CPU.Build.0 = Debug|Any CPU
		{315F8DF9-5AD2-42E0-BBA6-0744577C9416}.Release|Any CPU.ActiveCfg = Release|Any CPU
		{315F8DF9-5AD2-42E0-BBA6-0744577C9416}.Release|Any CPU.Build.0 = Release|Any CPU
		{D3C9988A-4A56-451D-8BA7-BF0DE62E13FA}.Debug|Any CPU.ActiveCfg = Debug|Any CPU
		{D3C9988A-4A56-451D-8BA7-BF0DE62E13FA}.Debug|Any CPU.Build.0 = Debug|Any CPU
		{D3C9988A-4A56-451D-8BA7-BF0DE62E13FA}.Release|Any CPU.ActiveCfg = Release|Any CPU
		{D3C9988A-4A56-451D-8BA7-BF0DE62E13FA}.Release|Any CPU.Build.0 = Release|Any CPU
	EndGlobalSection
	GlobalSection(SolutionProperties) = preSolution
		HideSolutionNode = FALSE
	EndGlobalSection
	GlobalSection(ExtensibilityGlobals) = postSolution
		SolutionGuid = {57F3B0AA-28FA-4F97-B880-E469A0A69248}
	EndGlobalSection
EndGlobal
